
Microsoft Visual Studio Solution File, Format Version 12.00
Project("{FAE04EC0-301F-11D3-BF4B-00C04F79EFBC}") = "Hermes", "Hermes\Hermes.csproj", "{BC633DA7-DE68-481C-AC2A-90D27D5833AF}"
EndProject
Global
	GlobalSection(SolutionConfigurationPlatforms) = preSolution
		Debug|Any CPU = Debug|Any CPU
		Release|Any CPU = Release|Any CPU
	EndGlobalSection
	GlobalSection(ProjectConfigurationPlatforms) = postSolution
		{BC633DA7-DE68-481C-AC2A-90D27D5833AF}.Debug|Any CPU.ActiveCfg = Debug|Any CPU
		{BC633DA7-DE68-481C-AC2A-90D27D5833AF}.Debug|Any CPU.Build.0 = Debug|Any CPU
		{BC633DA7-DE68-481C-AC2A-90D27D5833AF}.Release|Any CPU.ActiveCfg = Release|Any CPU
		{BC633DA7-DE68-481C-AC2A-90D27D5833AF}.Release|Any CPU.Build.0 = Release|Any CPU
	EndGlobalSection
EndGlobal
